
Microsoft Visual Studio Solution File, Format Version 12.00
# Visual Studio Version 17
VisualStudioVersion = 17.3.32929.385
MinimumVisualStudioVersion = 10.0.40219.1
Project("{FAE04EC0-301F-11D3-BF4B-00C04F79EFBC}") = "SimpleAPI", "src\SimpleAPI\SimpleAPI.csproj", "{6392F05A-1D36-4FBA-9560-85093764235D}"
EndProject
Project("{FAE04EC0-301F-11D3-BF4B-00C04F79EFBC}") = "SimpleAPI.Tests", "test\SimpleAPI.Tests\SimpleAPI.Tests.csproj", "{A144D967-8E3C-4643-8EF0-412DC7BFC9AA}"
EndProject
Global
	GlobalSection(SolutionConfigurationPlatforms) = preSolution
		Debug|Any CPU = Debug|Any CPU
		Release|Any CPU = Release|Any CPU
	EndGlobalSection
	GlobalSection(ProjectConfigurationPlatforms) = postSolution
		{6392F05A-1D36-4FBA-9560-85093764235D}.Debug|Any CPU.ActiveCfg = Debug|Any CPU
		{6392F05A-1D36-4FBA-9560-85093764235D}.Debug|Any CPU.Build.0 = Debug|Any CPU
		{6392F05A-1D36-4FBA-9560-85093764235D}.Release|Any CPU.ActiveCfg = Release|Any CPU
		{6392F05A-1D36-4FBA-9560-85093764235D}.Release|Any CPU.Build.0 = Release|Any CPU
		{A144D967-8E3C-4643-8EF0-412DC7BFC9AA}.Debug|Any CPU.ActiveCfg = Debug|Any CPU
		{A144D967-8E3C-4643-8EF0-412DC7BFC9AA}.Debug|Any CPU.Build.0 = Debug|Any CPU
		{A144D967-8E3C-4643-8EF0-412DC7BFC9AA}.Release|Any CPU.ActiveCfg = Release|Any CPU
		{A144D967-8E3C-4643-8EF0-412DC7BFC9AA}.Release|Any CPU.Build.0 = Release|Any CPU
	EndGlobalSection
	GlobalSection(SolutionProperties) = preSolution
		HideSolutionNode = FALSE
	EndGlobalSection
	GlobalSection(ExtensibilityGlobals) = postSolution
		SolutionGuid = {646965C0-B345-4987-9F7A-F50B5730DC29}
	EndGlobalSection
EndGlobal
